
Microsoft Visual Studio Solution File, Format Version 12.00
# Visual Studio Version 17
VisualStudioVersion = 17.8.34511.84
MinimumVisualStudioVersion = 10.0.40219.1
Project("{9092AA53-FB77-4645-B42D-1CCCA6BD08BD}") = "Calculator", "Calculator\Calculator.njsproj", "{C93917F3-D057-4707-BAC3-8C7AF0EE2F85}"
EndProject
Global
	GlobalSection(SolutionConfigurationPlatforms) = preSolution
		Debug|Any CPU = Debug|Any CPU
		Release|Any CPU = Release|Any CPU
	EndGlobalSection
	GlobalSection(ProjectConfigurationPlatforms) = postSolution
		{C93917F3-D057-4707-BAC3-8C7AF0EE2F85}.Debug|Any CPU.ActiveCfg = Debug|Any CPU
		{C93917F3-D057-4707-BAC3-8C7AF0EE2F85}.Debug|Any CPU.Build.0 = Debug|Any CPU
		{C93917F3-D057-4707-BAC3-8C7AF0EE2F85}.Release|Any CPU.ActiveCfg = Release|Any CPU
		{C93917F3-D057-4707-BAC3-8C7AF0EE2F85}.Release|Any CPU.Build.0 = Release|Any CPU
	EndGlobalSection
	GlobalSection(SolutionProperties) = preSolution
		HideSolutionNode = FALSE
	EndGlobalSection
	GlobalSection(ExtensibilityGlobals) = postSolution
		SolutionGuid = {A181BFC8-EFF9-4C3A-93CA-EC6FD0E20DB7}
	EndGlobalSection
EndGlobal
